
Microsoft Visual Studio Solution File, Format Version 12.00
# Visual Studio 15
VisualStudioVersion = 15.0.26730.10
MinimumVisualStudioVersion = 10.0.40219.1

Project("{6EC3EE1D-3C4E-46DD-8F32-0CC8E7565705}") = "SqueakyApp", "SqueakyApp\SqueakyApp.fsproj", "{82AE3759-F366-4454-BAC9-522D4195AE78}"
EndProject

Project("{F2A71F9B-5D33-465A-A702-920D77279786}") = "SqueakyApp.Android", "SqueakyApp.Android\SqueakyApp.Android.fsproj", "{962158FB-5E4A-4C05-97D1-E7BBD8F8798E}"
EndProject

Project("{F2A71F9B-5D33-465A-A702-920D77279786}") = "SqueakyApp.iOS", "SqueakyApp.iOS\SqueakyApp.iOS.fsproj", "{CC87E8F8-0FA0-4606-9755-78E6C8DF3A02}"
EndProject



Global
	GlobalSection(SolutionConfigurationPlatforms) = preSolution
		Ad-Hoc|Any CPU = Ad-Hoc|Any CPU
		Ad-Hoc|ARM = Ad-Hoc|ARM
		Ad-Hoc|iPhone = Ad-Hoc|iPhone
		Ad-Hoc|iPhoneSimulator = Ad-Hoc|iPhoneSimulator
		Ad-Hoc|x64 = Ad-Hoc|x64
		Ad-Hoc|x86 = Ad-Hoc|x86
		AppStore|Any CPU = AppStore|Any CPU
		AppStore|ARM = AppStore|ARM
		AppStore|iPhone = AppStore|iPhone
		AppStore|iPhoneSimulator = AppStore|iPhoneSimulator
		AppStore|x64 = AppStore|x64
		AppStore|x86 = AppStore|x86
		Debug|Any CPU = Debug|Any CPU
		Debug|ARM = Debug|ARM
		Debug|iPhone = Debug|iPhone
		Debug|iPhoneSimulator = Debug|iPhoneSimulator
		Debug|x64 = Debug|x64
		Debug|x86 = Debug|x86
		Release|Any CPU = Release|Any CPU
		Release|ARM = Release|ARM
		Release|iPhone = Release|iPhone
		Release|iPhoneSimulator = Release|iPhoneSimulator
		Release|x64 = Release|x64
		Release|x86 = Release|x86
	EndGlobalSection
	GlobalSection(ProjectConfigurationPlatforms) = postSolution
		{82AE3759-F366-4454-BAC9-522D4195AE78}.Ad-Hoc|Any CPU.ActiveCfg = Debug|Any CPU
		{82AE3759-F366-4454-BAC9-522D4195AE78}.Ad-Hoc|Any CPU.Build.0 = Debug|Any CPU
		{82AE3759-F366-4454-BAC9-522D4195AE78}.Ad-Hoc|ARM.ActiveCfg = Debug|Any CPU
		{82AE3759-F366-4454-BAC9-522D4195AE78}.Ad-Hoc|ARM.Build.0 = Debug|Any CPU
		{82AE3759-F366-4454-BAC9-522D4195AE78}.Ad-Hoc|iPhone.ActiveCfg = Debug|Any CPU
		{82AE3759-F366-4454-BAC9-522D4195AE78}.Ad-Hoc|iPhone.Build.0 = Debug|Any CPU
		{82AE3759-F366-4454-BAC9-522D4195AE78}.Ad-Hoc|iPhoneSimulator.ActiveCfg = Debug|Any CPU
		{82AE3759-F366-4454-BAC9-522D4195AE78}.Ad-Hoc|iPhoneSimulator.Build.0 = Debug|Any CPU
		{82AE3759-F366-4454-BAC9-522D4195AE78}.Ad-Hoc|x64.ActiveCfg = Debug|Any CPU
		{82AE3759-F366-4454-BAC9-522D4195AE78}.Ad-Hoc|x64.Build.0 = Debug|Any CPU
		{82AE3759-F366-4454-BAC9-522D4195AE78}.Ad-Hoc|x86.ActiveCfg = Debug|Any CPU
		{82AE3759-F366-4454-BAC9-522D4195AE78}.Ad-Hoc|x86.Build.0 = Debug|Any CPU
		{82AE3759-F366-4454-BAC9-522D4195AE78}.AppStore|Any CPU.ActiveCfg = Debug|Any CPU
		{82AE3759-F366-4454-BAC9-522D4195AE78}.AppStore|Any CPU.Build.0 = Debug|Any CPU
		{82AE3759-F366-4454-BAC9-522D4195AE78}.AppStore|ARM.ActiveCfg = Debug|Any CPU
		{82AE3759-F366-4454-BAC9-522D4195AE78}.AppStore|ARM.Build.0 = Debug|Any CPU
		{82AE3759-F366-4454-BAC9-522D4195AE78}.AppStore|iPhone.ActiveCfg = Debug|Any CPU
		{82AE3759-F366-4454-BAC9-522D4195AE78}.AppStore|iPhone.Build.0 = Debug|Any CPU
		{82AE3759-F366-4454-BAC9-522D4195AE78}.AppStore|iPhoneSimulator.ActiveCfg = Debug|Any CPU
		{82AE3759-F366-4454-BAC9-522D4195AE78}.AppStore|iPhoneSimulator.Build.0 = Debug|Any CPU
		{82AE3759-F366-4454-BAC9-522D4195AE78}.AppStore|x64.ActiveCfg = Debug|Any CPU
		{82AE3759-F366-4454-BAC9-522D4195AE78}.AppStore|x64.Build.0 = Debug|Any CPU
		{82AE3759-F366-4454-BAC9-522D4195AE78}.AppStore|x86.ActiveCfg = Debug|Any CPU
		{82AE3759-F366-4454-BAC9-522D4195AE78}.AppStore|x86.Build.0 = Debug|Any CPU
		{82AE3759-F366-4454-BAC9-522D4195AE78}.Debug|Any CPU.ActiveCfg = Debug|Any CPU
		{82AE3759-F366-4454-BAC9-522D4195AE78}.Debug|Any CPU.Build.0 = Debug|Any CPU
		{82AE3759-F366-4454-BAC9-522D4195AE78}.Debug|ARM.ActiveCfg = Debug|Any CPU
		{82AE3759-F366-4454-BAC9-522D4195AE78}.Debug|ARM.Build.0 = Debug|Any CPU
		{82AE3759-F366-4454-BAC9-522D4195AE78}.Debug|iPhone.ActiveCfg = Debug|Any CPU
		{82AE3759-F366-4454-BAC9-522D4195AE78}.Debug|iPhone.Build.0 = Debug|Any CPU
		{82AE3759-F366-4454-BAC9-522D4195AE78}.Debug|iPhoneSimulator.ActiveCfg = Debug|Any CPU
		{82AE3759-F366-4454-BAC9-522D4195AE78}.Debug|iPhoneSimulator.Build.0 = Debug|Any CPU
		{82AE3759-F366-4454-BAC9-522D4195AE78}.Debug|x64.ActiveCfg = Debug|Any CPU
		{82AE3759-F366-4454-BAC9-522D4195AE78}.Debug|x64.Build.0 = Debug|Any CPU
		{82AE3759-F366-4454-BAC9-522D4195AE78}.Debug|x86.ActiveCfg = Debug|Any CPU
		{82AE3759-F366-4454-BAC9-522D4195AE78}.Debug|x86.Build.0 = Debug|Any CPU
		{82AE3759-F366-4454-BAC9-522D4195AE78}.Release|Any CPU.ActiveCfg = Release|Any CPU
		{82AE3759-F366-4454-BAC9-522D4195AE78}.Release|Any CPU.Build.0 = Release|Any CPU
		{82AE3759-F366-4454-BAC9-522D4195AE78}.Release|ARM.ActiveCfg = Release|Any CPU
		{82AE3759-F366-4454-BAC9-522D4195AE78}.Release|ARM.Build.0 = Release|Any CPU
		{82AE3759-F366-4454-BAC9-522D4195AE78}.Release|iPhone.ActiveCfg = Release|Any CPU
		{82AE3759-F366-4454-BAC9-522D4195AE78}.Release|iPhone.Build.0 = Release|Any CPU
		{82AE3759-F366-4454-BAC9-522D4195AE78}.Release|iPhoneSimulator.ActiveCfg = Release|Any CPU
		{82AE3759-F366-4454-BAC9-522D4195AE78}.Release|iPhoneSimulator.Build.0 = Release|Any CPU
		{82AE3759-F366-4454-BAC9-522D4195AE78}.Release|x64.ActiveCfg = Release|Any CPU
		{82AE3759-F366-4454-BAC9-522D4195AE78}.Release|x64.Build.0 = Release|Any CPU
		{82AE3759-F366-4454-BAC9-522D4195AE78}.Release|x86.ActiveCfg = Release|Any CPU
		{82AE3759-F366-4454-BAC9-522D4195AE78}.Release|x86.Build.0 = Release|Any CPU
		{CC87E8F8-0FA0-4606-9755-78E6C8DF3A02}.Ad-Hoc|Any CPU.ActiveCfg = Ad-Hoc|iPhone
		{CC87E8F8-0FA0-4606-9755-78E6C8DF3A02}.Ad-Hoc|ARM.ActiveCfg = Ad-Hoc|iPhone
		{CC87E8F8-0FA0-4606-9755-78E6C8DF3A02}.Ad-Hoc|iPhone.ActiveCfg = Ad-Hoc|iPhone
		{CC87E8F8-0FA0-4606-9755-78E6C8DF3A02}.Ad-Hoc|iPhone.Build.0 = Ad-Hoc|iPhone
		{CC87E8F8-0FA0-4606-9755-78E6C8DF3A02}.Ad-Hoc|iPhoneSimulator.ActiveCfg = Ad-Hoc|iPhoneSimulator
		{CC87E8F8-0FA0-4606-9755-78E6C8DF3A02}.Ad-Hoc|iPhoneSimulator.Build.0 = Ad-Hoc|iPhoneSimulator
		{CC87E8F8-0FA0-4606-9755-78E6C8DF3A02}.Ad-Hoc|x64.ActiveCfg = Ad-Hoc|iPhone
		{CC87E8F8-0FA0-4606-9755-78E6C8DF3A02}.Ad-Hoc|x86.ActiveCfg = Ad-Hoc|iPhone
		{CC87E8F8-0FA0-4606-9755-78E6C8DF3A02}.AppStore|Any CPU.ActiveCfg = AppStore|iPhone
		{CC87E8F8-0FA0-4606-9755-78E6C8DF3A02}.AppStore|ARM.ActiveCfg = AppStore|iPhone
		{CC87E8F8-0FA0-4606-9755-78E6C8DF3A02}.AppStore|iPhone.ActiveCfg = AppStore|iPhone
		{CC87E8F8-0FA0-4606-9755-78E6C8DF3A02}.AppStore|iPhone.Build.0 = AppStore|iPhone
		{CC87E8F8-0FA0-4606-9755-78E6C8DF3A02}.AppStore|iPhoneSimulator.ActiveCfg = AppStore|iPhoneSimulator
		{CC87E8F8-0FA0-4606-9755-78E6C8DF3A02}.AppStore|iPhoneSimulator.Build.0 = AppStore|iPhoneSimulator
		{CC87E8F8-0FA0-4606-9755-78E6C8DF3A02}.AppStore|x64.ActiveCfg = AppStore|iPhone
		{CC87E8F8-0FA0-4606-9755-78E6C8DF3A02}.AppStore|x86.ActiveCfg = AppStore|iPhone
		{CC87E8F8-0FA0-4606-9755-78E6C8DF3A02}.Debug|Any CPU.ActiveCfg = Debug|iPhone
		{CC87E8F8-0FA0-4606-9755-78E6C8DF3A02}.Debug|ARM.ActiveCfg = Debug|iPhone
		{CC87E8F8-0FA0-4606-9755-78E6C8DF3A02}.Debug|iPhone.ActiveCfg = Debug|iPhone
		{CC87E8F8-0FA0-4606-9755-78E6C8DF3A02}.Debug|iPhone.Build.0 = Debug|iPhone
		{CC87E8F8-0FA0-4606-9755-78E6C8DF3A02}.Debug|iPhoneSimulator.ActiveCfg = Debug|iPhoneSimulator
		{CC87E8F8-0FA0-4606-9755-78E6C8DF3A02}.Debug|iPhoneSimulator.Build.0 = Debug|iPhoneSimulator
		{CC87E8F8-0FA0-4606-9755-78E6C8DF3A02}.Debug|x64.ActiveCfg = Debug|iPhone
		{CC87E8F8-0FA0-4606-9755-78E6C8DF3A02}.Debug|x86.ActiveCfg = Debug|iPhone
		{CC87E8F8-0FA0-4606-9755-78E6C8DF3A02}.Release|Any CPU.ActiveCfg = Release|iPhone
		{CC87E8F8-0FA0-4606-9755-78E6C8DF3A02}.Release|ARM.ActiveCfg = Release|iPhone
		{CC87E8F8-0FA0-4606-9755-78E6C8DF3A02}.Release|iPhone.ActiveCfg = Release|iPhone
		{CC87E8F8-0FA0-4606-9755-78E6C8DF3A02}.Release|iPhone.Build.0 = Release|iPhone
		{CC87E8F8-0FA0-4606-9755-78E6C8DF3A02}.Release|iPhoneSimulator.ActiveCfg = Release|iPhoneSimulator
		{CC87E8F8-0FA0-4606-9755-78E6C8DF3A02}.Release|iPhoneSimulator.Build.0 = Release|iPhoneSimulator
		{CC87E8F8-0FA0-4606-9755-78E6C8DF3A02}.Release|x64.ActiveCfg = Release|iPhone
		{CC87E8F8-0FA0-4606-9755-78E6C8DF3A02}.Release|x86.ActiveCfg = Release|iPhone
		{90168491-C845-4A0F-B3C7-8077EBCE96B5}.Ad-Hoc|Any CPU.ActiveCfg = Release|x86
		{90168491-C845-4A0F-B3C7-8077EBCE96B5}.Ad-Hoc|Any CPU.Build.0 = Release|x86
		{90168491-C845-4A0F-B3C7-8077EBCE96B5}.Ad-Hoc|Any CPU.Deploy.0 = Release|x86
		{90168491-C845-4A0F-B3C7-8077EBCE96B5}.Ad-Hoc|ARM.ActiveCfg = Release|ARM
		{90168491-C845-4A0F-B3C7-8077EBCE96B5}.Ad-Hoc|ARM.Build.0 = Release|ARM
		{90168491-C845-4A0F-B3C7-8077EBCE96B5}.Ad-Hoc|ARM.Deploy.0 = Release|ARM
		{90168491-C845-4A0F-B3C7-8077EBCE96B5}.Ad-Hoc|iPhone.ActiveCfg = Release|x86
		{90168491-C845-4A0F-B3C7-8077EBCE96B5}.Ad-Hoc|iPhone.Build.0 = Release|x86
		{90168491-C845-4A0F-B3C7-8077EBCE96B5}.Ad-Hoc|iPhone.Deploy.0 = Release|x86
		{90168491-C845-4A0F-B3C7-8077EBCE96B5}.Ad-Hoc|iPhoneSimulator.ActiveCfg = Release|x86
		{90168491-C845-4A0F-B3C7-8077EBCE96B5}.Ad-Hoc|iPhoneSimulator.Build.0 = Release|x86
		{90168491-C845-4A0F-B3C7-8077EBCE96B5}.Ad-Hoc|iPhoneSimulator.Deploy.0 = Release|x86
		{90168491-C845-4A0F-B3C7-8077EBCE96B5}.Ad-Hoc|x64.ActiveCfg = Release|x64
		{90168491-C845-4A0F-B3C7-8077EBCE96B5}.Ad-Hoc|x64.Build.0 = Release|x64
		{90168491-C845-4A0F-B3C7-8077EBCE96B5}.Ad-Hoc|x64.Deploy.0 = Release|x64
		{90168491-C845-4A0F-B3C7-8077EBCE96B5}.Ad-Hoc|x86.ActiveCfg = Release|x86
		{90168491-C845-4A0F-B3C7-8077EBCE96B5}.Ad-Hoc|x86.Build.0 = Release|x86
		{90168491-C845-4A0F-B3C7-8077EBCE96B5}.Ad-Hoc|x86.Deploy.0 = Release|x86
		{90168491-C845-4A0F-B3C7-8077EBCE96B5}.AppStore|Any CPU.ActiveCfg = Release|x86
		{90168491-C845-4A0F-B3C7-8077EBCE96B5}.AppStore|Any CPU.Build.0 = Release|x86
		{90168491-C845-4A0F-B3C7-8077EBCE96B5}.AppStore|Any CPU.Deploy.0 = Release|x86
		{90168491-C845-4A0F-B3C7-8077EBCE96B5}.AppStore|ARM.ActiveCfg = Release|ARM
		{90168491-C845-4A0F-B3C7-8077EBCE96B5}.AppStore|ARM.Build.0 = Release|ARM
		{90168491-C845-4A0F-B3C7-8077EBCE96B5}.AppStore|ARM.Deploy.0 = Release|ARM
		{90168491-C845-4A0F-B3C7-8077EBCE96B5}.AppStore|iPhone.ActiveCfg = Release|x86
		{90168491-C845-4A0F-B3C7-8077EBCE96B5}.AppStore|iPhone.Build.0 = Release|x86
		{90168491-C845-4A0F-B3C7-8077EBCE96B5}.AppStore|iPhone.Deploy.0 = Release|x86
		{90168491-C845-4A0F-B3C7-8077EBCE96B5}.AppStore|iPhoneSimulator.ActiveCfg = Release|x86
		{90168491-C845-4A0F-B3C7-8077EBCE96B5}.AppStore|iPhoneSimulator.Build.0 = Release|x86
		{90168491-C845-4A0F-B3C7-8077EBCE96B5}.AppStore|iPhoneSimulator.Deploy.0 = Release|x86
		{90168491-C845-4A0F-B3C7-8077EBCE96B5}.AppStore|x64.ActiveCfg = Release|x64
		{90168491-C845-4A0F-B3C7-8077EBCE96B5}.AppStore|x64.Build.0 = Release|x64
		{90168491-C845-4A0F-B3C7-8077EBCE96B5}.AppStore|x64.Deploy.0 = Release|x64
		{90168491-C845-4A0F-B3C7-8077EBCE96B5}.AppStore|x86.ActiveCfg = Release|x86
		{90168491-C845-4A0F-B3C7-8077EBCE96B5}.AppStore|x86.Build.0 = Release|x86
		{90168491-C845-4A0F-B3C7-8077EBCE96B5}.AppStore|x86.Deploy.0 = Release|x86
		{90168491-C845-4A0F-B3C7-8077EBCE96B5}.Debug|Any CPU.ActiveCfg = Debug|x86
		{90168491-C845-4A0F-B3C7-8077EBCE96B5}.Debug|ARM.ActiveCfg = Debug|ARM
		{90168491-C845-4A0F-B3C7-8077EBCE96B5}.Debug|ARM.Build.0 = Debug|ARM
		{90168491-C845-4A0F-B3C7-8077EBCE96B5}.Debug|ARM.Deploy.0 = Debug|ARM
		{90168491-C845-4A0F-B3C7-8077EBCE96B5}.Debug|iPhone.ActiveCfg = Debug|x86
		{90168491-C845-4A0F-B3C7-8077EBCE96B5}.Debug|iPhoneSimulator.ActiveCfg = Debug|x86
		{90168491-C845-4A0F-B3C7-8077EBCE96B5}.Debug|x64.ActiveCfg = Debug|x64
		{90168491-C845-4A0F-B3C7-8077EBCE96B5}.Debug|x64.Build.0 = Debug|x64
		{90168491-C845-4A0F-B3C7-8077EBCE96B5}.Debug|x64.Deploy.0 = Debug|x64
		{90168491-C845-4A0F-B3C7-8077EBCE96B5}.Debug|x86.ActiveCfg = Debug|x86
		{90168491-C845-4A0F-B3C7-8077EBCE96B5}.Debug|x86.Build.0 = Debug|x86
		{90168491-C845-4A0F-B3C7-8077EBCE96B5}.Debug|x86.Deploy.0 = Debug|x86
		{90168491-C845-4A0F-B3C7-8077EBCE96B5}.Release|Any CPU.ActiveCfg = Release|x86
		{90168491-C845-4A0F-B3C7-8077EBCE96B5}.Release|ARM.ActiveCfg = Release|ARM
		{90168491-C845-4A0F-B3C7-8077EBCE96B5}.Release|ARM.Build.0 = Release|ARM
		{90168491-C845-4A0F-B3C7-8077EBCE96B5}.Release|ARM.Deploy.0 = Release|ARM
		{90168491-C845-4A0F-B3C7-8077EBCE96B5}.Release|iPhone.ActiveCfg = Release|x86
		{90168491-C845-4A0F-B3C7-8077EBCE96B5}.Release|iPhoneSimulator.ActiveCfg = Release|x86
		{90168491-C845-4A0F-B3C7-8077EBCE96B5}.Release|x64.ActiveCfg = Release|x64
		{90168491-C845-4A0F-B3C7-8077EBCE96B5}.Release|x64.Build.0 = Release|x64
		{90168491-C845-4A0F-B3C7-8077EBCE96B5}.Release|x64.Deploy.0 = Release|x64
		{90168491-C845-4A0F-B3C7-8077EBCE96B5}.Release|x86.ActiveCfg = Release|x86
		{90168491-C845-4A0F-B3C7-8077EBCE96B5}.Release|x86.Build.0 = Release|x86
		{90168491-C845-4A0F-B3C7-8077EBCE96B5}.Release|x86.Deploy.0 = Release|x86
		{635123E9-490E-4765-AB38-C598F208C5CA}.Ad-Hoc|Any CPU.ActiveCfg = Release|Any CPU
		{635123E9-490E-4765-AB38-C598F208C5CA}.Ad-Hoc|Any CPU.Build.0 = Release|Any CPU
		{635123E9-490E-4765-AB38-C598F208C5CA}.Ad-Hoc|ARM.ActiveCfg = Release|Any CPU
		{635123E9-490E-4765-AB38-C598F208C5CA}.Ad-Hoc|ARM.Build.0 = Release|Any CPU
		{635123E9-490E-4765-AB38-C598F208C5CA}.Ad-Hoc|iPhone.ActiveCfg = Release|Any CPU
		{635123E9-490E-4765-AB38-C598F208C5CA}.Ad-Hoc|iPhone.Build.0 = Release|Any CPU
		{635123E9-490E-4765-AB38-C598F208C5CA}.Ad-Hoc|iPhoneSimulator.ActiveCfg = Release|Any CPU
		{635123E9-490E-4765-AB38-C598F208C5CA}.Ad-Hoc|iPhoneSimulator.Build.0 = Release|Any CPU
		{635123E9-490E-4765-AB38-C598F208C5CA}.Ad-Hoc|x64.ActiveCfg = Release|Any CPU
		{635123E9-490E-4765-AB38-C598F208C5CA}.Ad-Hoc|x64.Build.0 = Release|Any CPU
		{635123E9-490E-4765-AB38-C598F208C5CA}.Ad-Hoc|x86.ActiveCfg = Release|Any CPU
		{635123E9-490E-4765-AB38-C598F208C5CA}.Ad-Hoc|x86.Build.0 = Release|Any CPU
		{635123E9-490E-4765-AB38-C598F208C5CA}.AppStore|Any CPU.ActiveCfg = Release|Any CPU
		{635123E9-490E-4765-AB38-C598F208C5CA}.AppStore|Any CPU.Build.0 = Release|Any CPU
		{635123E9-490E-4765-AB38-C598F208C5CA}.AppStore|ARM.ActiveCfg = Release|Any CPU
		{635123E9-490E-4765-AB38-C598F208C5CA}.AppStore|ARM.Build.0 = Release|Any CPU
		{635123E9-490E-4765-AB38-C598F208C5CA}.AppStore|iPhone.ActiveCfg = Release|Any CPU
		{635123E9-490E-4765-AB38-C598F208C5CA}.AppStore|iPhone.Build.0 = Release|Any CPU
		{635123E9-490E-4765-AB38-C598F208C5CA}.AppStore|iPhoneSimulator.ActiveCfg = Release|Any CPU
		{635123E9-490E-4765-AB38-C598F208C5CA}.AppStore|iPhoneSimulator.Build.0 = Release|Any CPU
		{635123E9-490E-4765-AB38-C598F208C5CA}.AppStore|x64.ActiveCfg = Release|Any CPU
		{635123E9-490E-4765-AB38-C598F208C5CA}.AppStore|x64.Build.0 = Release|Any CPU
		{635123E9-490E-4765-AB38-C598F208C5CA}.AppStore|x86.ActiveCfg = Release|Any CPU
		{635123E9-490E-4765-AB38-C598F208C5CA}.AppStore|x86.Build.0 = Release|Any CPU
		{635123E9-490E-4765-AB38-C598F208C5CA}.Debug|Any CPU.ActiveCfg = Debug|Any CPU
		{635123E9-490E-4765-AB38-C598F208C5CA}.Debug|Any CPU.Build.0 = Debug|Any CPU
		{635123E9-490E-4765-AB38-C598F208C5CA}.Debug|ARM.ActiveCfg = Debug|Any CPU
		{635123E9-490E-4765-AB38-C598F208C5CA}.Debug|ARM.Build.0 = Debug|Any CPU
		{635123E9-490E-4765-AB38-C598F208C5CA}.Debug|iPhone.ActiveCfg = Debug|Any CPU
		{635123E9-490E-4765-AB38-C598F208C5CA}.Debug|iPhone.Build.0 = Debug|Any CPU
		{635123E9-490E-4765-AB38-C598F208C5CA}.Debug|iPhoneSimulator.ActiveCfg = Debug|Any CPU
		{635123E9-490E-4765-AB38-C598F208C5CA}.Debug|iPhoneSimulator.Build.0 = Debug|Any CPU
		{635123E9-490E-4765-AB38-C598F208C5CA}.Debug|x64.ActiveCfg = Debug|Any CPU
		{635123E9-490E-4765-AB38-C598F208C5CA}.Debug|x64.Build.0 = Debug|Any CPU
		{635123E9-490E-4765-AB38-C598F208C5CA}.Debug|x86.ActiveCfg = Debug|Any CPU
		{635123E9-490E-4765-AB38-C598F208C5CA}.Debug|x86.Build.0 = Debug|Any CPU
		{635123E9-490E-4765-AB38-C598F208C5CA}.Release|Any CPU.ActiveCfg = Release|Any CPU
		{635123E9-490E-4765-AB38-C598F208C5CA}.Release|Any CPU.Build.0 = Release|Any CPU
		{635123E9-490E-4765-AB38-C598F208C5CA}.Release|ARM.ActiveCfg = Release|Any CPU
		{635123E9-490E-4765-AB38-C598F208C5CA}.Release|ARM.Build.0 = Release|Any CPU
		{635123E9-490E-4765-AB38-C598F208C5CA}.Release|iPhone.ActiveCfg = Release|Any CPU
		{635123E9-490E-4765-AB38-C598F208C5CA}.Release|iPhone.Build.0 = Release|Any CPU
		{635123E9-490E-4765-AB38-C598F208C5CA}.Release|iPhoneSimulator.ActiveCfg = Release|Any CPU
		{635123E9-490E-4765-AB38-C598F208C5CA}.Release|iPhoneSimulator.Build.0 = Release|Any CPU
		{635123E9-490E-4765-AB38-C598F208C5CA}.Release|x64.ActiveCfg = Release|Any CPU
		{635123E9-490E-4765-AB38-C598F208C5CA}.Release|x64.Build.0 = Release|Any CPU
		{635123E9-490E-4765-AB38-C598F208C5CA}.Release|x86.ActiveCfg = Release|Any CPU
		{635123E9-490E-4765-AB38-C598F208C5CA}.Release|x86.Build.0 = Release|Any CPU
		{962158FB-5E4A-4C05-97D1-E7BBD8F8798E}.Ad-Hoc|Any CPU.ActiveCfg = Release|Any CPU
		{962158FB-5E4A-4C05-97D1-E7BBD8F8798E}.Ad-Hoc|Any CPU.Build.0 = Release|Any CPU
		{962158FB-5E4A-4C05-97D1-E7BBD8F8798E}.Ad-Hoc|ARM.ActiveCfg = Release|Any CPU
		{962158FB-5E4A-4C05-97D1-E7BBD8F8798E}.Ad-Hoc|ARM.Build.0 = Release|Any CPU
		{962158FB-5E4A-4C05-97D1-E7BBD8F8798E}.Ad-Hoc|iPhone.ActiveCfg = Release|Any CPU
		{962158FB-5E4A-4C05-97D1-E7BBD8F8798E}.Ad-Hoc|iPhone.Build.0 = Release|Any CPU
		{962158FB-5E4A-4C05-97D1-E7BBD8F8798E}.Ad-Hoc|iPhoneSimulator.ActiveCfg = Release|Any CPU
		{962158FB-5E4A-4C05-97D1-E7BBD8F8798E}.Ad-Hoc|iPhoneSimulator.Build.0 = Release|Any CPU
		{962158FB-5E4A-4C05-97D1-E7BBD8F8798E}.Ad-Hoc|x64.ActiveCfg = Release|Any CPU
		{962158FB-5E4A-4C05-97D1-E7BBD8F8798E}.Ad-Hoc|x64.Build.0 = Release|Any CPU
		{962158FB-5E4A-4C05-97D1-E7BBD8F8798E}.Ad-Hoc|x86.ActiveCfg = Release|Any CPU
		{962158FB-5E4A-4C05-97D1-E7BBD8F8798E}.Ad-Hoc|x86.Build.0 = Release|Any CPU
		{962158FB-5E4A-4C05-97D1-E7BBD8F8798E}.AppStore|Any CPU.ActiveCfg = Release|Any CPU
		{962158FB-5E4A-4C05-97D1-E7BBD8F8798E}.AppStore|Any CPU.Build.0 = Release|Any CPU
		{962158FB-5E4A-4C05-97D1-E7BBD8F8798E}.AppStore|ARM.ActiveCfg = Release|Any CPU
		{962158FB-5E4A-4C05-97D1-E7BBD8F8798E}.AppStore|ARM.Build.0 = Release|Any CPU
		{962158FB-5E4A-4C05-97D1-E7BBD8F8798E}.AppStore|iPhone.ActiveCfg = Release|Any CPU
		{962158FB-5E4A-4C05-97D1-E7BBD8F8798E}.AppStore|iPhone.Build.0 = Release|Any CPU
		{962158FB-5E4A-4C05-97D1-E7BBD8F8798E}.AppStore|iPhoneSimulator.ActiveCfg = Release|Any CPU
		{962158FB-5E4A-4C05-97D1-E7BBD8F8798E}.AppStore|iPhoneSimulator.Build.0 = Release|Any CPU
		{962158FB-5E4A-4C05-97D1-E7BBD8F8798E}.AppStore|x64.ActiveCfg = Release|Any CPU
		{962158FB-5E4A-4C05-97D1-E7BBD8F8798E}.AppStore|x64.Build.0 = Release|Any CPU
		{962158FB-5E4A-4C05-97D1-E7BBD8F8798E}.AppStore|x86.ActiveCfg = Release|Any CPU
		{962158FB-5E4A-4C05-97D1-E7BBD8F8798E}.AppStore|x86.Build.0 = Release|Any CPU
		{962158FB-5E4A-4C05-97D1-E7BBD8F8798E}.Debug|Any CPU.ActiveCfg = Debug|Any CPU
		{962158FB-5E4A-4C05-97D1-E7BBD8F8798E}.Debug|Any CPU.Build.0 = Debug|Any CPU
		{962158FB-5E4A-4C05-97D1-E7BBD8F8798E}.Debug|Any CPU.Deploy.0 = Debug|Any CPU
		{962158FB-5E4A-4C05-97D1-E7BBD8F8798E}.Debug|ARM.ActiveCfg = Debug|Any CPU
		{962158FB-5E4A-4C05-97D1-E7BBD8F8798E}.Debug|ARM.Build.0 = Debug|Any CPU
		{962158FB-5E4A-4C05-97D1-E7BBD8F8798E}.Debug|iPhone.ActiveCfg = Debug|Any CPU
		{962158FB-5E4A-4C05-97D1-E7BBD8F8798E}.Debug|iPhone.Build.0 = Debug|Any CPU
		{962158FB-5E4A-4C05-97D1-E7BBD8F8798E}.Debug|iPhoneSimulator.ActiveCfg = Debug|Any CPU
		{962158FB-5E4A-4C05-97D1-E7BBD8F8798E}.Debug|iPhoneSimulator.Build.0 = Debug|Any CPU
		{962158FB-5E4A-4C05-97D1-E7BBD8F8798E}.Debug|x64.ActiveCfg = Debug|Any CPU
		{962158FB-5E4A-4C05-97D1-E7BBD8F8798E}.Debug|x64.Build.0 = Debug|Any CPU
		{962158FB-5E4A-4C05-97D1-E7BBD8F8798E}.Debug|x86.ActiveCfg = Debug|Any CPU
		{962158FB-5E4A-4C05-97D1-E7BBD8F8798E}.Debug|x86.Build.0 = Debug|Any CPU
		{962158FB-5E4A-4C05-97D1-E7BBD8F8798E}.Release|Any CPU.ActiveCfg = Release|Any CPU
		{962158FB-5E4A-4C05-97D1-E7BBD8F8798E}.Release|Any CPU.Build.0 = Release|Any CPU
		{962158FB-5E4A-4C05-97D1-E7BBD8F8798E}.Release|Any CPU.Deploy.0 = Release|Any CPU
		{962158FB-5E4A-4C05-97D1-E7BBD8F8798E}.Release|ARM.ActiveCfg = Release|Any CPU
		{962158FB-5E4A-4C05-97D1-E7BBD8F8798E}.Release|ARM.Build.0 = Release|Any CPU
		{962158FB-5E4A-4C05-97D1-E7BBD8F8798E}.Release|iPhone.ActiveCfg = Release|Any CPU
		{962158FB-5E4A-4C05-97D1-E7BBD8F8798E}.Release|iPhone.Build.0 = Release|Any CPU
		{962158FB-5E4A-4C05-97D1-E7BBD8F8798E}.Release|iPhoneSimulator.ActiveCfg = Release|Any CPU
		{962158FB-5E4A-4C05-97D1-E7BBD8F8798E}.Release|iPhoneSimulator.Build.0 = Release|Any CPU
		{962158FB-5E4A-4C05-97D1-E7BBD8F8798E}.Release|x64.ActiveCfg = Release|Any CPU
		{962158FB-5E4A-4C05-97D1-E7BBD8F8798E}.Release|x64.Build.0 = Release|Any CPU
		{962158FB-5E4A-4C05-97D1-E7BBD8F8798E}.Release|x86.ActiveCfg = Release|Any CPU
		{962158FB-5E4A-4C05-97D1-E7BBD8F8798E}.Release|x86.Build.0 = Release|Any CPU
	EndGlobalSection
	GlobalSection(SolutionProperties) = preSolution
		HideSolutionNode = FALSE
	EndGlobalSection
	GlobalSection(ExtensibilityGlobals) = postSolution
		SolutionGuid = {F6D05029-56B8-4E45-AF2D-0E76295DDBA2}
	EndGlobalSection
EndGlobal
